{
  "name": "Landing-page",
  "lockfileVersion": 2,
  "requires": true,
  "packages": {
    "": {
      "dependencies": {
        "marquee3000": "^1.1.1"
      }
    },
    "node_modules/marquee3000": {
      "version": "1.1.1",
      "resolved": "https://registry.npmjs.org/marquee3000/-/marquee3000-1.1.1.tgz",
      "integrity": "sha512-XAZdVIdunQT2EdHdMmkbXh5i728KxwGmvY1w60WZdYmF3WgyBr4dcdyufTGfFPR1Rogr35Y9zST0vUsNN3WKPg=="
    }
  },
  "dependencies": {
    "marquee3000": {
      "version": "1.1.1",
      "resolved": "https://registry.npmjs.org/marquee3000/-/marquee3000-1.1.1.tgz",
      "integrity": "sha512-XAZdVIdunQT2EdHdMmkbXh5i728KxwGmvY1w60WZdYmF3WgyBr4dcdyufTGfFPR1Rogr35Y9zST0vUsNN3WKPg=="
    }
  }
}
